
Microsoft Visual Studio Solution File, Format Version 12.00
# Visual Studio Version 16
VisualStudioVersion = 16.0.31515.178
MinimumVisualStudioVersion = 10.0.40219.1
Project("{9A19103F-16F7-4668-BE54-9A1E7A4F7556}") = "ElsaQuickstarts.Server.Dashboard", "ElsaQuickstarts.Server.Dashboard\ElsaQuickstarts.Server.Dashboard.csproj", "{3A6A976B-A343-48B0-8DF0-81B4C81521B1}"
EndProject
Global
	GlobalSection(SolutionConfigurationPlatforms) = preSolution
		Debug|Any CPU = Debug|Any CPU
		Release|Any CPU = Release|Any CPU
	EndGlobalSection
	GlobalSection(ProjectConfigurationPlatforms) = postSolution
		{3A6A976B-A343-48B0-8DF0-81B4C81521B1}.Debug|Any CPU.ActiveCfg = Debug|Any CPU
		{3A6A976B-A343-48B0-8DF0-81B4C81521B1}.Debug|Any CPU.Build.0 = Debug|Any CPU
		{3A6A976B-A343-48B0-8DF0-81B4C81521B1}.Release|Any CPU.ActiveCfg = Release|Any CPU
		{3A6A976B-A343-48B0-8DF0-81B4C81521B1}.Release|Any CPU.Build.0 = Release|Any CPU
	EndGlobalSection
	GlobalSection(SolutionProperties) = preSolution
		HideSolutionNode = FALSE
	EndGlobalSection
	GlobalSection(ExtensibilityGlobals) = postSolution
		SolutionGuid = {F6925D1F-AF81-438F-AC48-53730BEAA93B}
	EndGlobalSection
EndGlobal
